// !$*UTF8*$!
{
	archiveVersion = 1;
	classes = {
	};
	objectVersion = 51;
	objects = {

/* Begin PBXBuildFile section */
		46F1CE573C2097D71294D2E0 /* Pods_Parstagram.framework in Frameworks */ = {isa = PBXBuildFile; fileRef = FBB74EFAB81D0F069017B305 /* Pods_Parstagram.framework */; };
		7C55AC9D2543CB1F006E2210 /* AppDelegate.swift in Sources */ = {isa = PBXBuildFile; fileRef = 7C55AC9C2543CB1F006E2210 /* AppDelegate.swift */; };
		7C55AC9F2543CB1F006E2210 /* SceneDelegate.swift in Sources */ = {isa = PBXBuildFile; fileRef = 7C55AC9E2543CB1F006E2210 /* SceneDelegate.swift */; };
		7C55ACA42543CB1F006E2210 /* Main.storyboard in Resources */ = {isa = PBXBuildFile; fileRef = 7C55ACA22543CB1F006E2210 /* Main.storyboard */; };
		7C55ACA62543CB22006E2210 /* Assets.xcassets in Resources */ = {isa = PBXBuildFile; fileRef = 7C55ACA52543CB22006E2210 /* Assets.xcassets */; };
		7C55ACA92543CB22006E2210 /* LaunchScreen.storyboard in Resources */ = {isa = PBXBuildFile; fileRef = 7C55ACA72543CB22006E2210 /* LaunchScreen.storyboard */; };
		7C55ACB42543CB22006E2210 /* ParstagramTests.swift in Sources */ = {isa = PBXBuildFile; fileRef = 7C55ACB32543CB22006E2210 /* ParstagramTests.swift */; };
		7C55ACBF2543CB22006E2210 /* ParstagramUITests.swift in Sources */ = {isa = PBXBuildFile; fileRef = 7C55ACBE2543CB22006E2210 /* ParstagramUITests.swift */; };
		7C55ACE92543D9D1006E2210 /* LoginViewController.swift in Sources */ = {isa = PBXBuildFile; fileRef = 7C55ACE82543D9D1006E2210 /* LoginViewController.swift */; };
		7C55ACEE2543D9DB006E2210 /* FeedViewController.swift in Sources */ = {isa = PBXBuildFile; fileRef = 7C55ACED2543D9DB006E2210 /* FeedViewController.swift */; };
		7C55AD092543F4F1006E2210 /* CameraViewController.swift in Sources */ = {isa = PBXBuildFile; fileRef = 7C55AD082543F4F1006E2210 /* CameraViewController.swift */; };
		7C55AD0E2543FCA4006E2210 /* PostCell.swift in Sources */ = {isa = PBXBuildFile; fileRef = 7C55AD0D2543FCA4006E2210 /* PostCell.swift */; };
/* End PBXBuildFile section */

/* Begin PBXContainerItemProxy section */
		7C55ACB02543CB22006E2210 /* PBXContainerItemProxy */ = {
			isa = PBXContainerItemProxy;
			containerPortal = 7C55AC912543CB1F006E2210 /* Project object */;
			proxyType = 1;
			remoteGlobalIDString = 7C55AC982543CB1F006E2210;
			remoteInfo = Parstagram;
		};
		7C55ACBB2543CB22006E2210 /* PBXContainerItemProxy */ = {
			isa = PBXContainerItemProxy;
			containerPortal = 7C55AC912543CB1F006E2210 /* Project object */;
			proxyType = 1;
			remoteGlobalIDString = 7C55AC982543CB1F006E2210;
			remoteInfo = Parstagram;
		};
/* End PBXContainerItemProxy section */

/* Begin PBXFileReference section */
		7455FD7D596BE9845F3CC246 /* Pods-Parstagram.debug.xcconfig */ = {isa = PBXFileReference; includeInIndex = 1; lastKnownFileType = text.xcconfig; name = "Pods-Parstagram.debug.xcconfig"; path = "Target Support Files/Pods-Parstagram/Pods-Parstagram.debug.xcconfig"; sourceTree = "<group>"; };
		7C55AC992543CB1F006E2210 /* Parstagram.app */ = {isa = PBXFileReference; explicitFileType = wrapper.application; includeInIndex = 0; path = Parstagram.app; sourceTree = BUILT_PRODUCTS_DIR; };
		7C55AC9C2543CB1F006E2210 /* AppDelegate.swift */ = {isa = PBXFileReference; lastKnownFileType = sourcecode.swift; path = AppDelegate.swift; sourceTree = "<group>"; };
		7C55AC9E2543CB1F006E2210 /* SceneDelegate.swift */ = {isa = PBXFileReference; lastKnownFileType = sourcecode.swift; path = SceneDelegate.swift; sourceTree = "<group>"; };
		7C55ACA32543CB1F006E2210 /* Base */ = {isa = PBXFileReference; lastKnownFileType = file.storyboard; name = Base; path = Base.lproj/Main.storyboard; sourceTree = "<group>"; };
		7C55ACA52543CB22006E2210 /* Assets.xcassets */ = {isa = PBXFileReference; lastKnownFileType = folder.assetcatalog; path = Assets.xcassets; sourceTree = "<group>"; };
		7C55ACA82543CB22006E2210 /* Base */ = {isa = PBXFileReference; lastKnownFileType = file.storyboard; name = Base; path = Base.lproj/LaunchScreen.storyboard; sourceTree = "<group>"; };
		7C55ACAA2543CB22006E2210 /* Info.plist */ = {isa = PBXFileReference; lastKnownFileType = text.plist.xml; path = Info.plist; sourceTree = "<group>"; };
		7C55ACAF2543CB22006E2210 /* ParstagramTests.xctest */ = {isa = PBXFileReference; explicitFileType = wrapper.cfbundle; includeInIndex = 0; path = ParstagramTests.xctest; sourceTree = BUILT_PRODUCTS_DIR; };
		7C55ACB32543CB22006E2210 /* ParstagramTests.swift */ = {isa = PBXFileReference; lastKnownFileType = sourcecode.swift; path = ParstagramTests.swift; sourceTree = "<group>"; };
		7C55ACB52543CB22006E2210 /* Info.plist */ = {isa = PBXFileReference; lastKnownFileType = text.plist.xml; path = Info.plist; sourceTree = "<group>"; };
		7C55ACBA2543CB22006E2210 /* ParstagramUITests.xctest */ = {isa = PBXFileReference; explicitFileType = wrapper.cfbundle; includeInIndex = 0; path = ParstagramUITests.xctest; sourceTree = BUILT_PRODUCTS_DIR; };
		7C55ACBE2543CB22006E2210 /* ParstagramUITests.swift */ = {isa = PBXFileReference; lastKnownFileType = sourcecode.swift; path = ParstagramUITests.swift; sourceTree = "<group>"; };
		7C55ACC02543CB22006E2210 /* Info.plist */ = {isa = PBXFileReference; lastKnownFileType = text.plist.xml; path = Info.plist; sourceTree = "<group>"; };
		7C55ACE82543D9D1006E2210 /* LoginViewController.swift */ = {isa = PBXFileReference; lastKnownFileType = sourcecode.swift; path = LoginViewController.swift; sourceTree = "<group>"; };
		7C55ACED2543D9DB006E2210 /* FeedViewController.swift */ = {isa = PBXFileReference; lastKnownFileType = sourcecode.swift; path = FeedViewController.swift; sourceTree = "<group>"; };
		7C55AD082543F4F1006E2210 /* CameraViewController.swift */ = {isa = PBXFileReference; lastKnownFileType = sourcecode.swift; path = CameraViewController.swift; sourceTree = "<group>"; };
		7C55AD0D2543FCA4006E2210 /* PostCell.swift */ = {isa = PBXFileReference; lastKnownFileType = sourcecode.swift; path = PostCell.swift; sourceTree = "<group>"; };
		A288503A5D41E38D0D56BF33 /* Pods-Parstagram.release.xcconfig */ = {isa = PBXFileReference; includeInIndex = 1; lastKnownFileType = text.xcconfig; name = "Pods-Parstagram.release.xcconfig"; path = "Target Support Files/Pods-Parstagram/Pods-Parstagram.release.xcconfig"; sourceTree = "<group>"; };
		FBB74EFAB81D0F069017B305 /* Pods_Parstagram.framework */ = {isa = PBXFileReference; explicitFileType = wrapper.framework; includeInIndex = 0; path = Pods_Parstagram.framework; sourceTree = BUILT_PRODUCTS_DIR; };
/* End PBXFileReference section */

/* Begin PBXFrameworksBuildPhase section */
		7C55AC962543CB1F006E2210 /* Frameworks */ = {
			isa = PBXFrameworksBuildPhase;
			buildActionMask = 2147483647;
			files = (
				46F1CE573C2097D71294D2E0 /* Pods_Parstagram.framework in Frameworks */,
			);
			runOnlyForDeploymentPostprocessing = 0;
		};
		7C55ACAC2543CB22006E2210 /* Frameworks */ = {
			isa = PBXFrameworksBuildPhase;
			buildActionMask = 2147483647;
			files = (
			);
			runOnlyForDeploymentPostprocessing = 0;
		};
		7C55ACB72543CB22006E2210 /* Frameworks */ = {
			isa = PBXFrameworksBuildPhase;
			buildActionMask = 2147483647;
			files = (
			);
			runOnlyForDeploymentPostprocessing = 0;
		};
/* End PBXFrameworksBuildPhase section */

/* Begin PBXGroup section */
		6C0814501CD9DBBD46B0E44B /* Frameworks */ = {
			isa = PBXGroup;
			children = (
				FBB74EFAB81D0F069017B305 /* Pods_Parstagram.framework */,
			);
			name = Frameworks;
			sourceTree = "<group>";
		};
		7C55AC902543CB1F006E2210 = {
			isa = PBXGroup;
			children = (
				7C55AC9B2543CB1F006E2210 /* Parstagram */,
				7C55ACB22543CB22006E2210 /* ParstagramTests */,
				7C55ACBD2543CB22006E2210 /* ParstagramUITests */,
				7C55AC9A2543CB1F006E2210 /* Products */,
				E2179E330FBA5B8C08079003 /* Pods */,
				6C0814501CD9DBBD46B0E44B /* Frameworks */,
			);
			sourceTree = "<group>";
		};
		7C55AC9A2543CB1F006E2210 /* Products */ = {
			isa = PBXGroup;
			children = (
				7C55AC992543CB1F006E2210 /* Parstagram.app */,
				7C55ACAF2543CB22006E2210 /* ParstagramTests.xctest */,
				7C55ACBA2543CB22006E2210 /* ParstagramUITests.xctest */,
			);
			name = Products;
			sourceTree = "<group>";
		};
		7C55AC9B2543CB1F006E2210 /* Parstagram */ = {
			isa = PBXGroup;
			children = (
				7C55AC9C2543CB1F006E2210 /* AppDelegate.swift */,
				7C55AC9E2543CB1F006E2210 /* SceneDelegate.swift */,
				7C55ACA22543CB1F006E2210 /* Main.storyboard */,
				7C55AD082543F4F1006E2210 /* CameraViewController.swift */,
				7C55ACA52543CB22006E2210 /* Assets.xcassets */,
				7C55ACA72543CB22006E2210 /* LaunchScreen.storyboard */,
				7C55ACAA2543CB22006E2210 /* Info.plist */,
				7C55ACE82543D9D1006E2210 /* LoginViewController.swift */,
				7C55ACED2543D9DB006E2210 /* FeedViewController.swift */,
				7C55AD0D2543FCA4006E2210 /* PostCell.swift */,
			);
			path = Parstagram;
			sourceTree = "<group>";
		};
		7C55ACB22543CB22006E2210 /* ParstagramTests */ = {
			isa = PBXGroup;
			children = (
				7C55ACB32543CB22006E2210 /* ParstagramTests.swift */,
				7C55ACB52543CB22006E2210 /* Info.plist */,
			);
			path = ParstagramTests;
			sourceTree = "<group>";
		};
		7C55ACBD2543CB22006E2210 /* ParstagramUITests */ = {
			isa = PBXGroup;
			children = (
				7C55ACBE2543CB22006E2210 /* ParstagramUITests.swift */,
				7C55ACC02543CB22006E2210 /* Info.plist */,
			);
			path = ParstagramUITests;
			sourceTree = "<group>";
		};
		E2179E330FBA5B8C08079003 /* Pods */ = {
			isa = PBXGroup;
			children = (
				7455FD7D596BE9845F3CC246 /* Pods-Parstagram.debug.xcconfig */,
				A288503A5D41E38D0D56BF33 /* Pods-Parstagram.release.xcconfig */,
			);
			path = Pods;
			sourceTree = "<group>";
		};
/* End PBXGroup section */

/* Begin PBXNativeTarget section */
		7C55AC982543CB1F006E2210 /* Parstagram */ = {
			isa = PBXNativeTarget;
			buildConfigurationList = 7C55ACC32543CB22006E2210 /* Build configuration list for PBXNativeTarget "Parstagram" */;
			buildPhases = (
				77D8C65E609AE3A19929FC3D /* [CP] Check Pods Manifest.lock */,
				7C55AC952543CB1F006E2210 /* Sources */,
				7C55AC962543CB1F006E2210 /* Frameworks */,
				7C55AC972543CB1F006E2210 /* Resources */,
				0D82056268F39BB3D240CAAB /* [CP] Embed Pods Frameworks */,
			);
			buildRules = (
			);
			dependencies = (
			);
			name = Parstagram;
			productName = Parstagram;
			productReference = 7C55AC992543CB1F006E2210 /* Parstagram.app */;
			productType = "com.apple.product-type.application";
		};
		7C55ACAE2543CB22006E2210 /* ParstagramTests */ = {
			isa = PBXNativeTarget;
			buildConfigurationList = 7C55ACC62543CB22006E2210 /* Build configuration list for PBXNativeTarget "ParstagramTests" */;
			buildPhases = (
				7C55ACAB2543CB22006E2210 /* Sources */,
				7C55ACAC2543CB22006E2210 /* Frameworks */,
				7C55ACAD2543CB22006E2210 /* Resources */,
			);
			buildRules = (
			);
			dependencies = (
				7C55ACB12543CB22006E2210 /* PBXTargetDependency */,
			);
			name = ParstagramTests;
			productName = ParstagramTests;
			productReference = 7C55ACAF2543CB22006E2210 /* ParstagramTests.xctest */;
			productType = "com.apple.product-type.bundle.unit-test";
		};
		7C55ACB92543CB22006E2210 /* ParstagramUITests */ = {
			isa = PBXNativeTarget;
			buildConfigurationList = 7C55ACC92543CB22006E2210 /* Build configuration list for PBXNativeTarget "ParstagramUITests" */;
			buildPhases = (
				7C55ACB62543CB22006E2210 /* Sources */,
				7C55ACB72543CB22006E2210 /* Frameworks */,
				7C55ACB82543CB22006E2210 /* Resources */,
			);
			buildRules = (
			);
			dependencies = (
				7C55ACBC2543CB22006E2210 /* PBXTargetDependency */,
			);
			name = ParstagramUITests;
			productName = ParstagramUITests;
			productReference = 7C55ACBA2543CB22006E2210 /* ParstagramUITests.xctest */;
			productType = "com.apple.product-type.bundle.ui-testing";
		};
/* End PBXNativeTarget section */

/* Begin PBXProject section */
		7C55AC912543CB1F006E2210 /* Project object */ = {
			isa = PBXProject;
			attributes = {
				LastSwiftUpdateCheck = 1200;
				LastUpgradeCheck = 1200;
				TargetAttributes = {
					7C55AC982543CB1F006E2210 = {
						CreatedOnToolsVersion = 12.0.1;
					};
					7C55ACAE2543CB22006E2210 = {
						CreatedOnToolsVersion = 12.0.1;
						TestTargetID = 7C55AC982543CB1F006E2210;
					};
					7C55ACB92543CB22006E2210 = {
						CreatedOnToolsVersion = 12.0.1;
						TestTargetID = 7C55AC982543CB1F006E2210;
					};
				};
			};
			buildConfigurationList = 7C55AC942543CB1F006E2210 /* Build configuration list for PBXProject "Parstagram" */;
			compatibilityVersion = "Xcode 9.3";
			developmentRegion = en;
			hasScannedForEncodings = 0;
			knownRegions = (
				en,
				Base,
			);
			mainGroup = 7C55AC902543CB1F006E2210;
			productRefGroup = 7C55AC9A2543CB1F006E2210 /* Products */;
			projectDirPath = "";
			projectRoot = "";
			targets = (
				7C55AC982543CB1F006E2210 /* Parstagram */,
				7C55ACAE2543CB22006E2210 /* ParstagramTests */,
				7C55ACB92543CB22006E2210 /* ParstagramUITests */,
			);
		};
/* End PBXProject section */

/* Begin PBXResourcesBuildPhase section */
		7C55AC972543CB1F006E2210 /* Resources */ = {
			isa = PBXResourcesBuildPhase;
			buildActionMask = 2147483647;
			files = (
				7C55ACA92543CB22006E2210 /* LaunchScreen.storyboard in Resources */,
				7C55ACA62543CB22006E2210 /* Assets.xcassets in Resources */,
				7C55ACA42543CB1F006E2210 /* Main.storyboard in Resources */,
			);
			runOnlyForDeploymentPostprocessing = 0;
		};
		7C55ACAD2543CB22006E2210 /* Resources */ = {
			isa = PBXResourcesBuildPhase;
			buildActionMask = 2147483647;
			files = (
			);
			runOnlyForDeploymentPostprocessing = 0;
		};
		7C55ACB82543CB22006E2210 /* Resources */ = {
			isa = PBXResourcesBuildPhase;
			buildActionMask = 2147483647;
			files = (
			);
			runOnlyForDeploymentPostprocessing = 0;
		};
/* End PBXResourcesBuildPhase section */

/* Begin PBXShellScriptBuildPhase section */
		0D82056268F39BB3D240CAAB /* [CP] Embed Pods Frameworks */ = {
			isa = PBXShellScriptBuildPhase;
			buildActionMask = 2147483647;
			files = (
			);
			inputFileListPaths = (
				"${PODS_ROOT}/Target Support Files/Pods-Parstagram/Pods-Parstagram-frameworks-${CONFIGURATION}-input-files.xcfilelist",
			);
			name = "[CP] Embed Pods Frameworks";
			outputFileListPaths = (
				"${PODS_ROOT}/Target Support Files/Pods-Parstagram/Pods-Parstagram-frameworks-${CONFIGURATION}-output-files.xcfilelist",
			);
			runOnlyForDeploymentPostprocessing = 0;
			shellPath = /bin/sh;
			shellScript = "\"${PODS_ROOT}/Target Support Files/Pods-Parstagram/Pods-Parstagram-frameworks.sh\"\n";
			showEnvVarsInLog = 0;
		};
		77D8C65E609AE3A19929FC3D /* [CP] Check Pods Manifest.lock */ = {
			isa = PBXShellScriptBuildPhase;
			buildActionMask = 2147483647;
			files = (
			);
			inputFileListPaths = (
			);
			inputPaths = (
				"${PODS_PODFILE_DIR_PATH}/Podfile.lock",
				"${PODS_ROOT}/Manifest.lock",
			);
			name = "[CP] Check Pods Manifest.lock";
			outputFileListPaths = (
			);
			outputPaths = (
				"$(DERIVED_FILE_DIR)/Pods-Parstagram-checkManifestLockResult.txt",
			);
			runOnlyForDeploymentPostprocessing = 0;
			shellPath = /bin/sh;
			shellScript = "diff \"${PODS_PODFILE_DIR_PATH}/Podfile.lock\" \"${PODS_ROOT}/Manifest.lock\" > /dev/null\nif [ $? != 0 ] ; then\n    # print error to STDERR\n    echo \"error: The sandbox is not in sync with the Podfile.lock. Run 'pod install' or update your CocoaPods installation.\" >&2\n    exit 1\nfi\n# This output is used by Xcode 'outputs' to avoid re-running this script phase.\necho \"SUCCESS\" > \"${SCRIPT_OUTPUT_FILE_0}\"\n";
			showEnvVarsInLog = 0;
		};
/* End PBXShellScriptBuildPhase section */

/* Begin PBXSourcesBuildPhase section */
		7C55AC952543CB1F006E2210 /* Sources */ = {
			isa = PBXSourcesBuildPhase;
			buildActionMask = 2147483647;
			files = (
				7C55ACE92543D9D1006E2210 /* LoginViewController.swift in Sources */,
				7C55AD092543F4F1006E2210 /* CameraViewController.swift in Sources */,
				7C55AC9D2543CB1F006E2210 /* AppDelegate.swift in Sources */,
				7C55ACEE2543D9DB006E2210 /* FeedViewController.swift in Sources */,
				7C55AC9F2543CB1F006E2210 /* SceneDelegate.swift in Sources */,
				7C55AD0E2543FCA4006E2210 /* PostCell.swift in Sources */,
			);
			runOnlyForDeploymentPostprocessing = 0;
		};
		7C55ACAB2543CB22006E2210 /* Sources */ = {
			isa = PBXSourcesBuildPhase;
			buildActionMask = 2147483647;
			files = (
				7C55ACB42543CB22006E2210 /* ParstagramTests.swift in Sources */,
			);
			runOnlyForDeploymentPostprocessing = 0;
		};
		7C55ACB62543CB22006E2210 /* Sources */ = {
			isa = PBXSourcesBuildPhase;
			buildActionMask = 2147483647;
			files = (
				7C55ACBF2543CB22006E2210 /* ParstagramUITests.swift in Sources */,
			);
			runOnlyForDeploymentPostprocessing = 0;
		};
/* End PBXSourcesBuildPhase section */

/* Begin PBXTargetDependency section */
		7C55ACB12543CB22006E2210 /* PBXTargetDependency */ = {
			isa = PBXTargetDependency;
			target = 7C55AC982543CB1F006E2210 /* Parstagram */;
			targetProxy = 7C55ACB02543CB22006E2210 /* PBXContainerItemProxy */;
		};
		7C55ACBC2543CB22006E2210 /* PBXTargetDependency */ = {
			isa = PBXTargetDependency;
			target = 7C55AC982543CB1F006E2210 /* Parstagram */;
			targetProxy = 7C55ACBB2543CB22006E2210 /* PBXContainerItemProxy */;
		};
/* End PBXTargetDependency section */

/* Begin PBXVariantGroup section */
		7C55ACA22543CB1F006E2210 /* Main.storyboard */ = {
			isa = PBXVariantGroup;
			children = (
				7C55ACA32543CB1F006E2210 /* Base */,
			);
			name = Main.storyboard;
			sourceTree = "<group>";
		};
		7C55ACA72543CB22006E2210 /* LaunchScreen.storyboard */ = {
			isa = PBXVariantGroup;
			children = (
				7C55ACA82543CB22006E2210 /* Base */,
			);
			name = LaunchScreen.storyboard;
			sourceTree = "<group>";
		};
/* End PBXVariantGroup section */

/* Begin XCBuildConfiguration section */
		7C55ACC12543CB22006E2210 /* Debug */ = {
			isa = XCBuildConfiguration;
			buildSettings = {
				ALWAYS_SEARCH_USER_PATHS = NO;
				CLANG_ANALYZER_NONNULL = YES;
				CLANG_ANALYZER_NUMBER_OBJECT_CONVERSION = YES_AGGRESSIVE;
				CLANG_CXX_LANGUAGE_STANDARD = "gnu++14";
				CLANG_CXX_LIBRARY = "libc++";
				CLANG_ENABLE_MODULES = YES;
				CLANG_ENABLE_OBJC_ARC = YES;
				CLANG_ENABLE_OBJC_WEAK = YES;
				CLANG_WARN_BLOCK_CAPTURE_AUTORELEASING = YES;
				CLANG_WARN_BOOL_CONVERSION = YES;
				CLANG_WARN_COMMA = YES;
				CLANG_WARN_CONSTANT_CONVERSION = YES;
				CLANG_WARN_DEPRECATED_OBJC_IMPLEMENTATIONS = YES;
				CLANG_WARN_DIRECT_OBJC_ISA_USAGE = YES_ERROR;
				CLANG_WARN_DOCUMENTATION_COMMENTS = YES;
				CLANG_WARN_EMPTY_BODY = YES;
				CLANG_WARN_ENUM_CONVERSION = YES;
				CLANG_WARN_INFINITE_RECURSION = YES;
				CLANG_WARN_INT_CONVERSION = YES;
				CLANG_WARN_NON_LITERAL_NULL_CONVERSION = YES;
				CLANG_WARN_OBJC_IMPLICIT_RETAIN_SELF = YES;
				CLANG_WARN_OBJC_LITERAL_CONVERSION = YES;
				CLANG_WARN_OBJC_ROOT_CLASS = YES_ERROR;
				CLANG_WARN_QUOTED_INCLUDE_IN_FRAMEWORK_HEADER = YES;
				CLANG_WARN_RANGE_LOOP_ANALYSIS = YES;
				CLANG_WARN_STRICT_PROTOTYPES = YES;
				CLANG_WARN_SUSPICIOUS_MOVE = YES;
				CLANG_WARN_UNGUARDED_AVAILABILITY = YES_AGGRESSIVE;
				CLANG_WARN_UNREACHABLE_CODE = YES;
				CLANG_WARN__DUPLICATE_METHOD_MATCH = YES;
				COPY_PHASE_STRIP = NO;
				DEBUG_INFORMATION_FORMAT = dwarf;
				ENABLE_STRICT_OBJC_MSGSEND = YES;
				ENABLE_TESTABILITY = YES;
				GCC_C_LANGUAGE_STANDARD = gnu11;
				GCC_DYNAMIC_NO_PIC = NO;
				GCC_NO_COMMON_BLOCKS = YES;
				GCC_OPTIMIZATION_LEVEL = 0;
				GCC_PREPROCESSOR_DEFINITIONS = (
					"DEBUG=1",
					"$(inherited)",
				);
				GCC_WARN_64_TO_32_BIT_CONVERSION = YES;
				GCC_WARN_ABOUT_RETURN_TYPE = YES_ERROR;
				GCC_WARN_UNDECLARED_SELECTOR = YES;
				GCC_WARN_UNINITIALIZED_AUTOS = YES_AGGRESSIVE;
				GCC_WARN_UNUSED_FUNCTION = YES;
				GCC_WARN_UNUSED_VARIABLE = YES;
				IPHONEOS_DEPLOYMENT_TARGET = 14.0;
				MTL_ENABLE_DEBUG_INFO = INCLUDE_SOURCE;
				MTL_FAST_MATH = YES;
				ONLY_ACTIVE_ARCH = YES;
				SDKROOT = iphoneos;
				SWIFT_ACTIVE_COMPILATION_CONDITIONS = DEBUG;
				SWIFT_OPTIMIZATION_LEVEL = "-Onone";
			};
			name = Debug;
		};
		7C55ACC22543CB22006E2210 /* Release */ = {
			isa = XCBuildConfiguration;
			buildSettings = {
				ALWAYS_SEARCH_USER_PATHS = NO;
				CLANG_ANALYZER_NONNULL = YES;
				CLANG_ANALYZER_NUMBER_OBJECT_CONVERSION = YES_AGGRESSIVE;
				CLANG_CXX_LANGUAGE_STANDARD = "gnu++14";
				CLANG_CXX_LIBRARY = "libc++";
				CLANG_ENABLE_MODULES = YES;
				CLANG_ENABLE_OBJC_ARC = YES;
				CLANG_ENABLE_OBJC_WEAK = YES;
				CLANG_WARN_BLOCK_CAPTURE_AUTORELEASING = YES;
				CLANG_WARN_BOOL_CONVERSION = YES;
				CLANG_WARN_COMMA = YES;
				CLANG_WARN_CONSTANT_CONVERSION = YES;
				CLANG_WARN_DEPRECATED_OBJC_IMPLEMENTATIONS = YES;
				CLANG_WARN_DIRECT_OBJC_ISA_USAGE = YES_ERROR;
				CLANG_WARN_DOCUMENTATION_COMMENTS = YES;
				CLANG_WARN_EMPTY_BODY = YES;
				CLANG_WARN_ENUM_CONVERSION = YES;
				CLANG_WARN_INFINITE_RECURSION = YES;
				CLANG_WARN_INT_CONVERSION = YES;
				CLANG_WARN_NON_LITERAL_NULL_CONVERSION = YES;
				CLANG_WARN_OBJC_IMPLICIT_RETAIN_SELF = YES;
				CLANG_WARN_OBJC_LITERAL_CONVERSION = YES;
				CLANG_WARN_OBJC_ROOT_CLASS = YES_ERROR;
				CLANG_WARN_QUOTED_INCLUDE_IN_FRAMEWORK_HEADER = YES;
				CLANG_WARN_RANGE_LOOP_ANALYSIS = YES;
				CLANG_WARN_STRICT_PROTOTYPES = YES;
				CLANG_WARN_SUSPICIOUS_MOVE = YES;
				CLANG_WARN_UNGUARDED_AVAILABILITY = YES_AGGRESSIVE;
				CLANG_WARN_UNREACHABLE_CODE = YES;
				CLANG_WARN__DUPLICATE_METHOD_MATCH = YES;
				COPY_PHASE_STRIP = NO;
				DEBUG_INFORMATION_FORMAT = "dwarf-with-dsym";
				ENABLE_NS_ASSERTIONS = NO;
				ENABLE_STRICT_OBJC_MSGSEND = YES;
				GCC_C_LANGUAGE_STANDARD = gnu11;
				GCC_NO_COMMON_BLOCKS = YES;
				GCC_WARN_64_TO_32_BIT_CONVERSION = YES;
				GCC_WARN_ABOUT_RETURN_TYPE = YES_ERROR;
				GCC_WARN_UNDECLARED_SELECTOR = YES;
				GCC_WARN_UNINITIALIZED_AUTOS = YES_AGGRESSIVE;
				GCC_WARN_UNUSED_FUNCTION = YES;
				GCC_WARN_UNUSED_VARIABLE = YES;
				IPHONEOS_DEPLOYMENT_TARGET = 14.0;
				MTL_ENABLE_DEBUG_INFO = NO;
				MTL_FAST_MATH = YES;
				SDKROOT = iphoneos;
				SWIFT_COMPILATION_MODE = wholemodule;
				SWIFT_OPTIMIZATION_LEVEL = "-O";
				VALIDATE_PRODUCT = YES;
			};
			name = Release;
		};
		7C55ACC42543CB22006E2210 /* Debug */ = {
			isa = XCBuildConfiguration;
			baseConfigurationReference = 7455FD7D596BE9845F3CC246 /* Pods-Parstagram.debug.xcconfig */;
			buildSettings = {
				ASSETCATALOG_COMPILER_APPICON_NAME = AppIcon;
				ASSETCATALOG_COMPILER_GLOBAL_ACCENT_COLOR_NAME = AccentColor;
				CODE_SIGN_STYLE = Automatic;
				INFOPLIST_FILE = Parstagram/Info.plist;
				LD_RUNPATH_SEARCH_PATHS = (
					"$(inherited)",
					"@executable_path/Frameworks",
				);
				PRODUCT_BUNDLE_IDENTIFIER = "jujescufabian-gmail.com.Parstagram";
				PRODUCT_NAME = "$(TARGET_NAME)";
				SWIFT_VERSION = 5.0;
				TARGETED_DEVICE_FAMILY = "1,2";
			};
			name = Debug;
		};
		7C55ACC52543CB22006E2210 /* Release */ = {
			isa = XCBuildConfiguration;
			baseConfigurationReference = A288503A5D41E38D0D56BF33 /* Pods-Parstagram.release.xcconfig */;
			buildSettings = {
				ASSETCATALOG_COMPILER_APPICON_NAME = AppIcon;
				ASSETCATALOG_COMPILER_GLOBAL_ACCENT_COLOR_NAME = AccentColor;
				CODE_SIGN_STYLE = Automatic;
				INFOPLIST_FILE = Parstagram/Info.plist;
				LD_RUNPATH_SEARCH_PATHS = (
					"$(inherited)",
					"@executable_path/Frameworks",
				);
				PRODUCT_BUNDLE_IDENTIFIER = "jujescufabian-gmail.com.Parstagram";
				PRODUCT_NAME = "$(TARGET_NAME)";
				SWIFT_VERSION = 5.0;
				TARGETED_DEVICE_FAMILY = "1,2";
			};
			name = Release;
		};
		7C55ACC72543CB22006E2210 /* Debug */ = {
			isa = XCBuildConfiguration;
			buildSettings = {
				ALWAYS_EMBED_SWIFT_STANDARD_LIBRARIES = YES;
				BUNDLE_LOADER = "$(TEST_HOST)";
				CODE_SIGN_STYLE = Automatic;
				INFOPLIST_FILE = ParstagramTests/Info.plist;
				IPHONEOS_DEPLOYMENT_TARGET = 14.0;
				LD_RUNPATH_SEARCH_PATHS = (
					"$(inherited)",
					"@executable_path/Frameworks",
					"@loader_path/Frameworks",
				);
				PRODUCT_BUNDLE_IDENTIFIER = "jujescufabian-gmail.com.ParstagramTests";
				PRODUCT_NAME = "$(TARGET_NAME)";
				SWIFT_VERSION = 5.0;
				TARGETED_DEVICE_FAMILY = "1,2";
				TEST_HOST = "$(BUILT_PRODUCTS_DIR)/Parstagram.app/Parstagram";
			};
			name = Debug;
		};
		7C55ACC82543CB22006E2210 /* Release */ = {
			isa = XCBuildConfiguration;
			buildSettings = {
				ALWAYS_EMBED_SWIFT_STANDARD_LIBRARIES = YES;
				BUNDLE_LOADER = "$(TEST_HOST)";
				CODE_SIGN_STYLE = Automatic;
				INFOPLIST_FILE = ParstagramTests/Info.plist;
				IPHONEOS_DEPLOYMENT_TARGET = 14.0;
				LD_RUNPATH_SEARCH_PATHS = (
					"$(inherited)",
					"@executable_path/Frameworks",
					"@loader_path/Frameworks",
				);
				PRODUCT_BUNDLE_IDENTIFIER = "jujescufabian-gmail.com.ParstagramTests";
				PRODUCT_NAME = "$(TARGET_NAME)";
				SWIFT_VERSION = 5.0;
				TARGETED_DEVICE_FAMILY = "1,2";
				TEST_HOST = "$(BUILT_PRODUCTS_DIR)/Parstagram.app/Parstagram";
			};
			name = Release;
		};
		7C55ACCA2543CB22006E2210 /* Debug */ = {
			isa = XCBuildConfiguration;
			buildSettings = {
				ALWAYS_EMBED_SWIFT_STANDARD_LIBRARIES = YES;
				CODE_SIGN_STYLE = Automatic;
				INFOPLIST_FILE = ParstagramUITests/Info.plist;
				LD_RUNPATH_SEARCH_PATHS = (
					"$(inherited)",
					"@executable_path/Frameworks",
					"@loader_path/Frameworks",
				);
				PRODUCT_BUNDLE_IDENTIFIER = "jujescufabian-gmail.com.ParstagramUITests";
				PRODUCT_NAME = "$(TARGET_NAME)";
				SWIFT_VERSION = 5.0;
				TARGETED_DEVICE_FAMILY = "1,2";
				TEST_TARGET_NAME = Parstagram;
			};
			name = Debug;
		};
		7C55ACCB2543CB22006E2210 /* Release */ = {
			isa = XCBuildConfiguration;
			buildSettings = {
				ALWAYS_EMBED_SWIFT_STANDARD_LIBRARIES = YES;
				CODE_SIGN_STYLE = Automatic;
				INFOPLIST_FILE = ParstagramUITests/Info.plist;
				LD_RUNPATH_SEARCH_PATHS = (
					"$(inherited)",
					"@executable_path/Frameworks",
					"@loader_path/Frameworks",
				);
				PRODUCT_BUNDLE_IDENTIFIER = "jujescufabian-gmail.com.ParstagramUITests";
				PRODUCT_NAME = "$(TARGET_NAME)";
				SWIFT_VERSION = 5.0;
				TARGETED_DEVICE_FAMILY = "1,2";
				TEST_TARGET_NAME = Parstagram;
			};
			name = Release;
		};
/* End XCBuildConfiguration section */

/* Begin XCConfigurationList section */
		7C55AC942543CB1F006E2210 /* Build configuration list for PBXProject "Parstagram" */ = {
			isa = XCConfigurationList;
			buildConfigurations = (
				7C55ACC12543CB22006E2210 /* Debug */,
				7C55ACC22543CB22006E2210 /* Release */,
			);
			defaultConfigurationIsVisible = 0;
			defaultConfigurationName = Release;
		};
		7C55ACC32543CB22006E2210 /* Build configuration list for PBXNativeTarget "Parstagram" */ = {
			isa = XCConfigurationList;
			buildConfigurations = (
				7C55ACC42543CB22006E2210 /* Debug */,
				7C55ACC52543CB22006E2210 /* Release */,
			);
			defaultConfigurationIsVisible = 0;
			defaultConfigurationName = Release;
		};
		7C55ACC62543CB22006E2210 /* Build configuration list for PBXNativeTarget "ParstagramTests" */ = {
			isa = XCConfigurationList;
			buildConfigurations = (
				7C55ACC72543CB22006E2210 /* Debug */,
				7C55ACC82543CB22006E2210 /* Release */,
			);
			defaultConfigurationIsVisible = 0;
			defaultConfigurationName = Release;
		};
		7C55ACC92543CB22006E2210 /* Build configuration list for PBXNativeTarget "ParstagramUITests" */ = {
			isa = XCConfigurationList;
			buildConfigurations = (
				7C55ACCA2543CB22006E2210 /* Debug */,
				7C55ACCB2543CB22006E2210 /* Release */,
			);
			defaultConfigurationIsVisible = 0;
			defaultConfigurationName = Release;
		};
/* End XCConfigurationList section */
	};
	rootObject = 7C55AC912543CB1F006E2210 /* Project object */;
}
